
Microsoft Visual Studio Solution File, Format Version 12.00
# Visual Studio Version 17
VisualStudioVersion = 17.5.33627.172
MinimumVisualStudioVersion = 10.0.40219.1
Project("{FAE04EC0-301F-11D3-BF4B-00C04F79EFBC}") = "Returning multiple values", "Returning multiple values\Returning multiple values.csproj", "{632EF80B-9555-4210-BE70-EFE329B244E1}"
EndProject
Global
	GlobalSection(SolutionConfigurationPlatforms) = preSolution
		Debug|Any CPU = Debug|Any CPU
		Release|Any CPU = Release|Any CPU
	EndGlobalSection
	GlobalSection(ProjectConfigurationPlatforms) = postSolution
		{632EF80B-9555-4210-BE70-EFE329B244E1}.Debug|Any CPU.ActiveCfg = Debug|Any CPU
		{632EF80B-9555-4210-BE70-EFE329B244E1}.Debug|Any CPU.Build.0 = Debug|Any CPU
		{632EF80B-9555-4210-BE70-EFE329B244E1}.Release|Any CPU.ActiveCfg = Release|Any CPU
		{632EF80B-9555-4210-BE70-EFE329B244E1}.Release|Any CPU.Build.0 = Release|Any CPU
	EndGlobalSection
	GlobalSection(SolutionProperties) = preSolution
		HideSolutionNode = FALSE
	EndGlobalSection
	GlobalSection(ExtensibilityGlobals) = postSolution
		SolutionGuid = {801D0167-A03A-4AE4-8B89-72E1927576F6}
	EndGlobalSection
EndGlobal
