
Microsoft Visual Studio Solution File, Format Version 12.00
# Visual Studio Version 17
VisualStudioVersion = 17.5.33627.172
MinimumVisualStudioVersion = 10.0.40219.1
Project("{FAE04EC0-301F-11D3-BF4B-00C04F79EFBC}") = "Challenge_Palindrome", "Challenge_Palindrome\Challenge_Palindrome.csproj", "{426580A1-668E-4893-A9B6-D78245520AFF}"
EndProject
Global
	GlobalSection(SolutionConfigurationPlatforms) = preSolution
		Debug|Any CPU = Debug|Any CPU
		Release|Any CPU = Release|Any CPU
	EndGlobalSection
	GlobalSection(ProjectConfigurationPlatforms) = postSolution
		{426580A1-668E-4893-A9B6-D78245520AFF}.Debug|Any CPU.ActiveCfg = Debug|Any CPU
		{426580A1-668E-4893-A9B6-D78245520AFF}.Debug|Any CPU.Build.0 = Debug|Any CPU
		{426580A1-668E-4893-A9B6-D78245520AFF}.Release|Any CPU.ActiveCfg = Release|Any CPU
		{426580A1-668E-4893-A9B6-D78245520AFF}.Release|Any CPU.Build.0 = Release|Any CPU
	EndGlobalSection
	GlobalSection(SolutionProperties) = preSolution
		HideSolutionNode = FALSE
	EndGlobalSection
	GlobalSection(ExtensibilityGlobals) = postSolution
		SolutionGuid = {B1044BA6-7FEA-48F3-B5CE-720D28261A34}
	EndGlobalSection
EndGlobal
